// !$*UTF8*$!
{
	archiveVersion = 1;
	classes = {
	};
	objectVersion = 56;
	objects = {

/* Begin PBXBuildFile section */
		EEFD5BD538B369A492C794E7 /* TrackerApplicationMenus.swift in Sources */ = {isa = PBXBuildFile; fileRef = 522FFC78EE89FF09F0C97E43 /* TrackerApplicationMenus.swift */; };
		C06F25F76FAA72DB1B696C6D /* TrackerApplicationDelegate.swift in Sources */ = {isa = PBXBuildFile; fileRef = 1A1AC2E49DD81605438725C4 /* TrackerApplicationDelegate.swift */; };
		9766315AC90A7BB55587764A /* TrackerTaskPresentationCoordinator.swift in Sources */ = {isa = PBXBuildFile; fileRef = A59AD7BD855B23CF95B15701 /* TrackerTaskPresentationCoordinator.swift */; };
		ED605C1B494E79DC7EF1215D /* TrackerSidebar.swift in Sources */ = {isa = PBXBuildFile; fileRef = 484979169FE35618CB437645 /* TrackerSidebar.swift */; };
		3F7A03677BF75120A989F9AD /* TrackerSplitLayout.swift in Sources */ = {isa = PBXBuildFile; fileRef = 323F2748B9DC9666381AFC4F /* TrackerSplitLayout.swift */; };
		B17600688A3CEF7769DEE7DE /* TimeTrackerApp.swift in Sources */ = {isa = PBXBuildFile; fileRef = F6FD13916BDDA7B66974DD76 /* TimeTrackerApp.swift */; };
		3B56BC67EA3B3C706744AFC4 /* TrackerStore.swift in Sources */ = {isa = PBXBuildFile; fileRef = 4EC372281DA1DF7ABC74910A /* TrackerStore.swift */; };
		FC2B643D35A2A957D3C0D7E8 /* TrackerWindow.swift in Sources */ = {isa = PBXBuildFile; fileRef = 9E054EA2B878A02189368B9D /* TrackerWindow.swift */; };
		547C118F7FB1E47BBCD519B9 /* ConnectionSettingsView.swift in Sources */ = {isa = PBXBuildFile; fileRef = AF149CF30295C296B13AF32E /* ConnectionSettingsView.swift */; };
		0A65C064D466FC9FA040A35B /* ConnectionSummary.swift in Sources */ = {isa = PBXBuildFile; fileRef = 5534AB05B3FFE276794F6960 /* ConnectionSummary.swift */; };
		116FD31CDE5706ECFF597C6B /* TaskDetails.swift in Sources */ = {isa = PBXBuildFile; fileRef = 06B499A2444EA3FAAE07ED5E /* TaskDetails.swift */; };
		72A9DF3982DAC7B2F0166CD0 /* TrackingControls.swift in Sources */ = {isa = PBXBuildFile; fileRef = 3F85615390A489E1BD026F82 /* TrackingControls.swift */; };
		9E82F3064B92340F13818E35 /* WorklogFormatting.swift in Sources */ = {isa = PBXBuildFile; fileRef = E786E1D879C1F865A5C80932 /* WorklogFormatting.swift */; };
		03AE7C3AD5CD0D43404779AE /* WorklogRow.swift in Sources */ = {isa = PBXBuildFile; fileRef = A8C44057A177E810540FF857 /* WorklogRow.swift */; };
		99855A0370850FBEBEE64BE3 /* MacLifecycleObserver.swift in Sources */ = {isa = PBXBuildFile; fileRef = 804BDC861428BC8E9824862D /* MacLifecycleObserver.swift */; };
		E724446CA77190001E61A002 /* SystemDependencies.swift in Sources */ = {isa = PBXBuildFile; fileRef = 7EECD295169E48244028EE41 /* SystemDependencies.swift */; };
		5F1D759FC3D354345CBF0671 /* TrackerWorker.swift in Sources */ = {isa = PBXBuildFile; fileRef = 0597366B0A0E2028788E2696 /* TrackerWorker.swift */; };
		7E768477586D21659FFEC5F7 /* TrackerClient in Frameworks */ = {isa = PBXBuildFile; productRef = C8DF62E0CBC32AE617C1EA99 /* TrackerClient */; };
		18D2319E48E082F857DD0A32 /* TaskCreationStore.swift in Sources */ = {isa = PBXBuildFile; fileRef = 3B10C5FD690BABFF199F3775 /* TaskCreationStore.swift */; };
		D2317EF3D3102BB20A00689F /* TaskCreationView.swift in Sources */ = {isa = PBXBuildFile; fileRef = E20F8E9711E94B95EA2CFCD6 /* TaskCreationView.swift */; };
		571C4049FF3FE8699EB2B9C6 /* TaskNameSheet.swift in Sources */ = {isa = PBXBuildFile; fileRef = A2E5632984C1A5E1F29AED39 /* TaskNameSheet.swift */; };
		E6DA1C7C47CC0387A8918374 /* TaskRenameStore.swift in Sources */ = {isa = PBXBuildFile; fileRef = F6513C7EF1F6EF6F64D7705F /* TaskRenameStore.swift */; };
		42154AF4C0A191DE0462478B /* TaskRenameView.swift in Sources */ = {isa = PBXBuildFile; fileRef = 88F132EDD634FB7ABFF70386 /* TaskRenameView.swift */; };
		DA6345968B4AABC0241FA4C2 /* TaskContextMenu.swift in Sources */ = {isa = PBXBuildFile; fileRef = 8778858BF38637F9573E8E50 /* TaskContextMenu.swift */; };
		DEC58A6F5CC0E47BC351BD6C /* TaskIndicatorView.swift in Sources */ = {isa = PBXBuildFile; fileRef = D649F389F0B7709F3298AF50 /* TaskIndicatorView.swift */; };
		06BAC82F4057547A724AF1B1 /* TrackerMenuBarExtra.swift in Sources */ = {isa = PBXBuildFile; fileRef = D634B6DD1D5D0D366765B878 /* TrackerMenuBarExtra.swift */; };
/* End PBXBuildFile section */

/* Begin PBXFileReference section */
		522FFC78EE89FF09F0C97E43 /* TrackerApplicationMenus.swift */ = {isa = PBXFileReference; lastKnownFileType = sourcecode.swift; path = TrackerApplicationMenus.swift; sourceTree = "<group>"; };
		1A1AC2E49DD81605438725C4 /* TrackerApplicationDelegate.swift */ = {isa = PBXFileReference; lastKnownFileType = sourcecode.swift; path = TrackerApplicationDelegate.swift; sourceTree = "<group>"; };
		A59AD7BD855B23CF95B15701 /* TrackerTaskPresentationCoordinator.swift */ = {isa = PBXFileReference; lastKnownFileType = sourcecode.swift; path = TrackerTaskPresentationCoordinator.swift; sourceTree = "<group>"; };
		484979169FE35618CB437645 /* TrackerSidebar.swift */ = {isa = PBXFileReference; lastKnownFileType = sourcecode.swift; path = TrackerSidebar.swift; sourceTree = "<group>"; };
		323F2748B9DC9666381AFC4F /* TrackerSplitLayout.swift */ = {isa = PBXFileReference; lastKnownFileType = sourcecode.swift; path = TrackerSplitLayout.swift; sourceTree = "<group>"; };
		000000000000000000000007 /* TimeTracker.app */ = {isa = PBXFileReference; explicitFileType = wrapper.application; includeInIndex = 0; path = TimeTracker.app; sourceTree = BUILT_PRODUCTS_DIR; };
		000000000000000000000010 /* TrackerBridge.h */ = {isa = PBXFileReference; lastKnownFileType = sourcecode.c.h; path = TrackerBridge.h; sourceTree = "<group>"; };
		000000000000000000000011 /* TimeTracker-Bridging-Header.h */ = {isa = PBXFileReference; lastKnownFileType = sourcecode.c.h; path = "TimeTracker-Bridging-Header.h"; sourceTree = "<group>"; };
		000000000000000000000012 /* Info.plist */ = {isa = PBXFileReference; lastKnownFileType = text.plist.xml; path = Info.plist; sourceTree = "<group>"; };
		000000000000000000000013 /* build-rust.sh */ = {isa = PBXFileReference; lastKnownFileType = text.script.sh; path = "build-rust.sh"; sourceTree = "<group>"; };
		F6FD13916BDDA7B66974DD76 /* TimeTrackerApp.swift */ = {isa = PBXFileReference; lastKnownFileType = sourcecode.swift; path = TimeTrackerApp.swift; sourceTree = "<group>"; };
		4EC372281DA1DF7ABC74910A /* TrackerStore.swift */ = {isa = PBXFileReference; lastKnownFileType = sourcecode.swift; path = TrackerStore.swift; sourceTree = "<group>"; };
		9E054EA2B878A02189368B9D /* TrackerWindow.swift */ = {isa = PBXFileReference; lastKnownFileType = sourcecode.swift; path = TrackerWindow.swift; sourceTree = "<group>"; };
		AF149CF30295C296B13AF32E /* ConnectionSettingsView.swift */ = {isa = PBXFileReference; lastKnownFileType = sourcecode.swift; path = ConnectionSettingsView.swift; sourceTree = "<group>"; };
		5534AB05B3FFE276794F6960 /* ConnectionSummary.swift */ = {isa = PBXFileReference; lastKnownFileType = sourcecode.swift; path = ConnectionSummary.swift; sourceTree = "<group>"; };
		06B499A2444EA3FAAE07ED5E /* TaskDetails.swift */ = {isa = PBXFileReference; lastKnownFileType = sourcecode.swift; path = TaskDetails.swift; sourceTree = "<group>"; };
		3F85615390A489E1BD026F82 /* TrackingControls.swift */ = {isa = PBXFileReference; lastKnownFileType = sourcecode.swift; path = TrackingControls.swift; sourceTree = "<group>"; };
		E786E1D879C1F865A5C80932 /* WorklogFormatting.swift */ = {isa = PBXFileReference; lastKnownFileType = sourcecode.swift; path = WorklogFormatting.swift; sourceTree = "<group>"; };
		A8C44057A177E810540FF857 /* WorklogRow.swift */ = {isa = PBXFileReference; lastKnownFileType = sourcecode.swift; path = WorklogRow.swift; sourceTree = "<group>"; };
		804BDC861428BC8E9824862D /* MacLifecycleObserver.swift */ = {isa = PBXFileReference; lastKnownFileType = sourcecode.swift; path = MacLifecycleObserver.swift; sourceTree = "<group>"; };
		7EECD295169E48244028EE41 /* SystemDependencies.swift */ = {isa = PBXFileReference; lastKnownFileType = sourcecode.swift; path = SystemDependencies.swift; sourceTree = "<group>"; };
		0597366B0A0E2028788E2696 /* TrackerWorker.swift */ = {isa = PBXFileReference; lastKnownFileType = sourcecode.swift; path = TrackerWorker.swift; sourceTree = "<group>"; };
		3B10C5FD690BABFF199F3775 /* TaskCreationStore.swift */ = {isa = PBXFileReference; lastKnownFileType = sourcecode.swift; path = TaskCreationStore.swift; sourceTree = "<group>"; };
		E20F8E9711E94B95EA2CFCD6 /* TaskCreationView.swift */ = {isa = PBXFileReference; lastKnownFileType = sourcecode.swift; path = TaskCreationView.swift; sourceTree = "<group>"; };
		A2E5632984C1A5E1F29AED39 /* TaskNameSheet.swift */ = {isa = PBXFileReference; lastKnownFileType = sourcecode.swift; path = TaskNameSheet.swift; sourceTree = "<group>"; };
		F6513C7EF1F6EF6F64D7705F /* TaskRenameStore.swift */ = {isa = PBXFileReference; lastKnownFileType = sourcecode.swift; path = TaskRenameStore.swift; sourceTree = "<group>"; };
		88F132EDD634FB7ABFF70386 /* TaskRenameView.swift */ = {isa = PBXFileReference; lastKnownFileType = sourcecode.swift; path = TaskRenameView.swift; sourceTree = "<group>"; };
		8778858BF38637F9573E8E50 /* TaskContextMenu.swift */ = {isa = PBXFileReference; lastKnownFileType = sourcecode.swift; path = TaskContextMenu.swift; sourceTree = "<group>"; };
		D649F389F0B7709F3298AF50 /* TaskIndicatorView.swift */ = {isa = PBXFileReference; lastKnownFileType = sourcecode.swift; path = TaskIndicatorView.swift; sourceTree = "<group>"; };
		D634B6DD1D5D0D366765B878 /* TrackerMenuBarExtra.swift */ = {isa = PBXFileReference; lastKnownFileType = sourcecode.swift; path = TrackerMenuBarExtra.swift; sourceTree = "<group>"; };
/* End PBXFileReference section */

/* Begin PBXFrameworksBuildPhase section */
		000000000000000000000017 /* Frameworks */ = {
			isa = PBXFrameworksBuildPhase;
			buildActionMask = 2147483647;
			files = (
				7E768477586D21659FFEC5F7 /* TrackerClient in Frameworks */,
			);
			runOnlyForDeploymentPostprocessing = 0;
		};
/* End PBXFrameworksBuildPhase section */

/* Begin PBXGroup section */
		000000000000000000000002 = {
			isa = PBXGroup;
			children = (
				000000000000000000000003 /* TimeTrackerSwiftUI */,
				000000000000000000000004 /* CTrackerBridge */,
				000000000000000000000012 /* Info.plist */,
				000000000000000000000013 /* build-rust.sh */,
				000000000000000000000005 /* Products */,
			);
			sourceTree = "<group>";
		};
		000000000000000000000003 /* TimeTrackerSwiftUI */ = {
			isa = PBXGroup;
			children = (
				13C4608B5138EBE9B3A45A55 /* App */,
				E64DA6756D6CF253E6CA6FFA /* Features */,
				D0206F6998B4F1500BBA2442 /* Infrastructure */,
				000000000000000000000011 /* TimeTracker-Bridging-Header.h */,
			);
			path = "Sources/TimeTrackerSwiftUI";
			sourceTree = "<group>";
		};
		000000000000000000000004 /* CTrackerBridge */ = {
			isa = PBXGroup;
			children = (
				000000000000000000000010 /* TrackerBridge.h */,
			);
			path = "Sources/CTrackerBridge/include";
			sourceTree = "<group>";
		};
		000000000000000000000005 /* Products */ = {
			isa = PBXGroup;
			children = (
				000000000000000000000007 /* TimeTracker.app */,
			);
			name = Products;
			sourceTree = "<group>";
		};
		13C4608B5138EBE9B3A45A55 /* App */ = {
			isa = PBXGroup;
			children = (
				A59AD7BD855B23CF95B15701 /* TrackerTaskPresentationCoordinator.swift */,
				1A1AC2E49DD81605438725C4 /* TrackerApplicationDelegate.swift */,
				522FFC78EE89FF09F0C97E43 /* TrackerApplicationMenus.swift */,
				323F2748B9DC9666381AFC4F /* TrackerSplitLayout.swift */,
				F6FD13916BDDA7B66974DD76 /* TimeTrackerApp.swift */,
				4EC372281DA1DF7ABC74910A /* TrackerStore.swift */,
				9E054EA2B878A02189368B9D /* TrackerWindow.swift */,
			);
			path = App;
			sourceTree = "<group>";
		};
		E64DA6756D6CF253E6CA6FFA /* Features */ = {
			isa = PBXGroup;
			children = (
				67815C35FE40B6535CB0E7B6 /* MenuBar */,
				AB152630AD047C1EBC9B65BC /* TaskIndicators */,
				7B61613478C091D18A157689 /* TaskCreation */,
				7896A35DF77F32F16827239B /* TaskNames */,
				95106349D1A9FA32ACFC23AF /* TaskRename */,
				BC2C72DE80FA70B4405D048F /* Connection */,
				DD8C138E5B09DE3D7D67AA06 /* TaskCatalog */,
				8E70C3CFF05EE0815A3B9AD4 /* Tracking */,
				3ABD701C8406AD405352A72E /* WorklogHistory */,
			);
			path = Features;
			sourceTree = "<group>";
		};
		BC2C72DE80FA70B4405D048F /* Connection */ = {
			isa = PBXGroup;
			children = (
				AF149CF30295C296B13AF32E /* ConnectionSettingsView.swift */,
				5534AB05B3FFE276794F6960 /* ConnectionSummary.swift */,
			);
			path = Connection;
			sourceTree = "<group>";
		};
		DD8C138E5B09DE3D7D67AA06 /* TaskCatalog */ = {
			isa = PBXGroup;
			children = (
				484979169FE35618CB437645 /* TrackerSidebar.swift */,
				8778858BF38637F9573E8E50 /* TaskContextMenu.swift */,
				06B499A2444EA3FAAE07ED5E /* TaskDetails.swift */,
			);
			path = TaskCatalog;
			sourceTree = "<group>";
		};
		8E70C3CFF05EE0815A3B9AD4 /* Tracking */ = {
			isa = PBXGroup;
			children = (
				3F85615390A489E1BD026F82 /* TrackingControls.swift */,
			);
			path = Tracking;
			sourceTree = "<group>";
		};
		3ABD701C8406AD405352A72E /* WorklogHistory */ = {
			isa = PBXGroup;
			children = (
				E786E1D879C1F865A5C80932 /* WorklogFormatting.swift */,
				A8C44057A177E810540FF857 /* WorklogRow.swift */,
			);
			path = WorklogHistory;
			sourceTree = "<group>";
		};
		D0206F6998B4F1500BBA2442 /* Infrastructure */ = {
			isa = PBXGroup;
			children = (
				4E3BEBFB03311020BF2AEC66 /* MacLifecycle */,
				FCEB2C08258D17442B301359 /* RustBridge */,
			);
			path = Infrastructure;
			sourceTree = "<group>";
		};
		4E3BEBFB03311020BF2AEC66 /* MacLifecycle */ = {
			isa = PBXGroup;
			children = (
				804BDC861428BC8E9824862D /* MacLifecycleObserver.swift */,
				7EECD295169E48244028EE41 /* SystemDependencies.swift */,
			);
			path = MacLifecycle;
			sourceTree = "<group>";
		};
		FCEB2C08258D17442B301359 /* RustBridge */ = {
			isa = PBXGroup;
			children = (
				0597366B0A0E2028788E2696 /* TrackerWorker.swift */,
			);
			path = RustBridge;
			sourceTree = "<group>";
		};
		7B61613478C091D18A157689 /* TaskCreation */ = {
			isa = PBXGroup;
			children = (
				3B10C5FD690BABFF199F3775 /* TaskCreationStore.swift */,
				E20F8E9711E94B95EA2CFCD6 /* TaskCreationView.swift */,
			);
			path = TaskCreation;
			sourceTree = "<group>";
		};
		7896A35DF77F32F16827239B /* TaskNames */ = {
			isa = PBXGroup;
			children = (
				A2E5632984C1A5E1F29AED39 /* TaskNameSheet.swift */,
			);
			path = TaskNames;
			sourceTree = "<group>";
		};
		95106349D1A9FA32ACFC23AF /* TaskRename */ = {
			isa = PBXGroup;
			children = (
				F6513C7EF1F6EF6F64D7705F /* TaskRenameStore.swift */,
				88F132EDD634FB7ABFF70386 /* TaskRenameView.swift */,
			);
			path = TaskRename;
			sourceTree = "<group>";
		};
		AB152630AD047C1EBC9B65BC /* TaskIndicators */ = {
			isa = PBXGroup;
			children = (
				D649F389F0B7709F3298AF50 /* TaskIndicatorView.swift */,
			);
			path = TaskIndicators;
			sourceTree = "<group>";
		};
		67815C35FE40B6535CB0E7B6 /* MenuBar */ = {
			isa = PBXGroup;
			children = (
				D634B6DD1D5D0D366765B878 /* TrackerMenuBarExtra.swift */,
			);
			path = MenuBar;
			sourceTree = "<group>";
		};
/* End PBXGroup section */

/* Begin PBXNativeTarget section */
		000000000000000000000006 /* TimeTracker */ = {
			isa = PBXNativeTarget;
			buildConfigurationList = 000000000000000000000025 /* Build configuration list for PBXNativeTarget "TimeTracker" */;
			buildPhases = (
				000000000000000000000019 /* Build Rust bridge */,
				000000000000000000000016 /* Sources */,
				000000000000000000000017 /* Frameworks */,
				000000000000000000000018 /* Resources */,
			);
			buildRules = (
			);
			dependencies = (
			);
			name = TimeTracker;
			productName = TimeTracker;
			productReference = 000000000000000000000007 /* TimeTracker.app */;
			packageProductDependencies = (
				C8DF62E0CBC32AE617C1EA99 /* TrackerClient */,
			);
			productType = "com.apple.product-type.application";
		};
/* End PBXNativeTarget section */

/* Begin PBXProject section */
		000000000000000000000001 /* Project object */ = {
			isa = PBXProject;
			attributes = {
				BuildIndependentTargetsInParallel = 1;
				LastUpgradeCheck = 1500;
				TargetAttributes = {
					000000000000000000000006 = {
						CreatedOnToolsVersion = 15.0;
					};
				};
			};
			buildConfigurationList = 000000000000000000000024 /* Build configuration list for PBXProject "TimeTracker" */;
			compatibilityVersion = "Xcode 14.0";
			developmentRegion = en;
			hasScannedForEncodings = 0;
			knownRegions = (
				en,
				Base,
			);
			mainGroup = 000000000000000000000002;
			productRefGroup = 000000000000000000000005 /* Products */;
			packageReferences = (
				470A363E361E8AD08B336D79 /* XCLocalSwiftPackageReference "TrackerClient" */,
			);
			projectDirPath = "";
			projectRoot = "";
			targets = (
				000000000000000000000006 /* TimeTracker */,
			);
		};
/* End PBXProject section */

/* Begin PBXResourcesBuildPhase section */
		000000000000000000000018 /* Resources */ = {
			isa = PBXResourcesBuildPhase;
			buildActionMask = 2147483647;
			files = (
			);
			runOnlyForDeploymentPostprocessing = 0;
		};
/* End PBXResourcesBuildPhase section */

/* Begin PBXShellScriptBuildPhase section */
		000000000000000000000019 /* Build Rust bridge */ = {
			isa = PBXShellScriptBuildPhase;
			alwaysOutOfDate = 1;
			buildActionMask = 2147483647;
			files = (
			);
			inputPaths = (
			);
			name = "Build Rust bridge";
			outputPaths = (
				"$(TARGET_TEMP_DIR)/libtracker_swift_bridge.a",
			);
			runOnlyForDeploymentPostprocessing = 0;
			shellPath = "/bin/sh";
			shellScript = "\"${PROJECT_DIR}/build-rust.sh\"";
		};
/* End PBXShellScriptBuildPhase section */

/* Begin PBXSourcesBuildPhase section */
		000000000000000000000016 /* Sources */ = {
			isa = PBXSourcesBuildPhase;
			buildActionMask = 2147483647;
			files = (
				ED605C1B494E79DC7EF1215D /* TrackerSidebar.swift in Sources */,
				9766315AC90A7BB55587764A /* TrackerTaskPresentationCoordinator.swift in Sources */,
				C06F25F76FAA72DB1B696C6D /* TrackerApplicationDelegate.swift in Sources */,
				EEFD5BD538B369A492C794E7 /* TrackerApplicationMenus.swift in Sources */,
				3F7A03677BF75120A989F9AD /* TrackerSplitLayout.swift in Sources */,
				06BAC82F4057547A724AF1B1 /* TrackerMenuBarExtra.swift in Sources */,
				DEC58A6F5CC0E47BC351BD6C /* TaskIndicatorView.swift in Sources */,
				DA6345968B4AABC0241FA4C2 /* TaskContextMenu.swift in Sources */,
				D2317EF3D3102BB20A00689F /* TaskCreationView.swift in Sources */,
				571C4049FF3FE8699EB2B9C6 /* TaskNameSheet.swift in Sources */,
				E6DA1C7C47CC0387A8918374 /* TaskRenameStore.swift in Sources */,
				42154AF4C0A191DE0462478B /* TaskRenameView.swift in Sources */,
				18D2319E48E082F857DD0A32 /* TaskCreationStore.swift in Sources */,
				B17600688A3CEF7769DEE7DE /* TimeTrackerApp.swift in Sources */,
				3B56BC67EA3B3C706744AFC4 /* TrackerStore.swift in Sources */,
				FC2B643D35A2A957D3C0D7E8 /* TrackerWindow.swift in Sources */,
				547C118F7FB1E47BBCD519B9 /* ConnectionSettingsView.swift in Sources */,
				0A65C064D466FC9FA040A35B /* ConnectionSummary.swift in Sources */,
				116FD31CDE5706ECFF597C6B /* TaskDetails.swift in Sources */,
				72A9DF3982DAC7B2F0166CD0 /* TrackingControls.swift in Sources */,
				9E82F3064B92340F13818E35 /* WorklogFormatting.swift in Sources */,
				03AE7C3AD5CD0D43404779AE /* WorklogRow.swift in Sources */,
				99855A0370850FBEBEE64BE3 /* MacLifecycleObserver.swift in Sources */,
				E724446CA77190001E61A002 /* SystemDependencies.swift in Sources */,
				5F1D759FC3D354345CBF0671 /* TrackerWorker.swift in Sources */,
			);
			runOnlyForDeploymentPostprocessing = 0;
		};
/* End PBXSourcesBuildPhase section */

/* Begin XCBuildConfiguration section */
		000000000000000000000020 /* Debug */ = {
			isa = XCBuildConfiguration;
			buildSettings = {
				ALWAYS_SEARCH_USER_PATHS = NO;
				CLANG_ANALYZER_NONNULL = YES;
				CLANG_CXX_LANGUAGE_STANDARD = "gnu++20";
				CLANG_ENABLE_MODULES = YES;
				CLANG_ENABLE_OBJC_ARC = YES;
				COPY_PHASE_STRIP = NO;
				DEBUG_INFORMATION_FORMAT = dwarf;
				ENABLE_STRICT_OBJC_MSGSEND = YES;
				GCC_DYNAMIC_NO_PIC = NO;
				GCC_OPTIMIZATION_LEVEL = 0;
				GCC_PREPROCESSOR_DEFINITIONS = (
					"DEBUG=1",
					"$(inherited)",
				);
				MACOSX_DEPLOYMENT_TARGET = 15.0;
				ONLY_ACTIVE_ARCH = YES;
				SDKROOT = macosx;
				SWIFT_ACTIVE_COMPILATION_CONDITIONS = DEBUG;
				SWIFT_OPTIMIZATION_LEVEL = "-Onone";
			};
			name = Debug;
		};
		000000000000000000000021 /* Release */ = {
			isa = XCBuildConfiguration;
			buildSettings = {
				ALWAYS_SEARCH_USER_PATHS = NO;
				CLANG_ANALYZER_NONNULL = YES;
				CLANG_CXX_LANGUAGE_STANDARD = "gnu++20";
				CLANG_ENABLE_MODULES = YES;
				CLANG_ENABLE_OBJC_ARC = YES;
				COPY_PHASE_STRIP = YES;
				DEBUG_INFORMATION_FORMAT = "dwarf-with-dsym";
				ENABLE_STRICT_OBJC_MSGSEND = YES;
				GCC_OPTIMIZATION_LEVEL = s;
				MACOSX_DEPLOYMENT_TARGET = 15.0;
				ONLY_ACTIVE_ARCH = NO;
				SDKROOT = macosx;
				SWIFT_COMPILATION_MODE = wholemodule;
			};
			name = Release;
		};
		000000000000000000000022 /* Debug */ = {
			isa = XCBuildConfiguration;
			buildSettings = {
				CODE_SIGN_IDENTITY = "-";
				CODE_SIGN_STYLE = Automatic;
				COMBINE_HIDPI_IMAGES = YES;
				CURRENT_PROJECT_VERSION = 1;
				ENABLE_USER_SCRIPT_SANDBOXING = NO;
				INFOPLIST_FILE = Info.plist;
				LD_RUNPATH_SEARCH_PATHS = (
					"$(inherited)",
					"@executable_path/../Frameworks",
				);
				LIBRARY_SEARCH_PATHS = (
					"$(inherited)",
					"$(TARGET_TEMP_DIR)",
				);
				MACOSX_DEPLOYMENT_TARGET = 15.0;
				MARKETING_VERSION = 0.1.0;
				OTHER_LDFLAGS = (
					"$(inherited)",
					"-ltracker_swift_bridge",
					"-framework",
					Security,
					"-framework",
					CoreFoundation,
					"-framework",
					SystemConfiguration,
				);
				PRODUCT_BUNDLE_IDENTIFIER = com.timetracker.swiftui;
				PRODUCT_NAME = "$(TARGET_NAME)";
				SUPPORTED_PLATFORMS = macosx;
				SWIFT_OBJC_BRIDGING_HEADER = "Sources/TimeTrackerSwiftUI/TimeTracker-Bridging-Header.h";
				SWIFT_VERSION = 5.0;
			};
			name = Debug;
		};
		000000000000000000000023 /* Release */ = {
			isa = XCBuildConfiguration;
			buildSettings = {
				CODE_SIGN_IDENTITY = "-";
				CODE_SIGN_STYLE = Automatic;
				COMBINE_HIDPI_IMAGES = YES;
				CURRENT_PROJECT_VERSION = 1;
				ENABLE_USER_SCRIPT_SANDBOXING = NO;
				INFOPLIST_FILE = Info.plist;
				LD_RUNPATH_SEARCH_PATHS = (
					"$(inherited)",
					"@executable_path/../Frameworks",
				);
				LIBRARY_SEARCH_PATHS = (
					"$(inherited)",
					"$(TARGET_TEMP_DIR)",
				);
				MACOSX_DEPLOYMENT_TARGET = 15.0;
				MARKETING_VERSION = 0.1.0;
				OTHER_LDFLAGS = (
					"$(inherited)",
					"-ltracker_swift_bridge",
					"-framework",
					Security,
					"-framework",
					CoreFoundation,
					"-framework",
					SystemConfiguration,
				);
				PRODUCT_BUNDLE_IDENTIFIER = com.timetracker.swiftui;
				PRODUCT_NAME = "$(TARGET_NAME)";
				SUPPORTED_PLATFORMS = macosx;
				SWIFT_OBJC_BRIDGING_HEADER = "Sources/TimeTrackerSwiftUI/TimeTracker-Bridging-Header.h";
				SWIFT_VERSION = 5.0;
			};
			name = Release;
		};
/* End XCBuildConfiguration section */

/* Begin XCConfigurationList section */
		000000000000000000000024 /* Build configuration list for PBXProject "TimeTracker" */ = {
			isa = XCConfigurationList;
			buildConfigurations = (
				000000000000000000000020 /* Debug */,
				000000000000000000000021 /* Release */,
			);
			defaultConfigurationIsVisible = 0;
			defaultConfigurationName = Release;
		};
		000000000000000000000025 /* Build configuration list for PBXNativeTarget "TimeTracker" */ = {
			isa = XCConfigurationList;
			buildConfigurations = (
				000000000000000000000022 /* Debug */,
				000000000000000000000023 /* Release */,
			);
			defaultConfigurationIsVisible = 0;
			defaultConfigurationName = Release;
		};
/* End XCConfigurationList section */
/* Begin XCLocalSwiftPackageReference section */
		470A363E361E8AD08B336D79 /* XCLocalSwiftPackageReference "TrackerClient" */ = {
			isa = XCLocalSwiftPackageReference;
			relativePath = TrackerClient;
		};
/* End XCLocalSwiftPackageReference section */

/* Begin XCSwiftPackageProductDependency section */
		C8DF62E0CBC32AE617C1EA99 /* TrackerClient */ = {
			isa = XCSwiftPackageProductDependency;
			package = 470A363E361E8AD08B336D79 /* XCLocalSwiftPackageReference "TrackerClient" */;
			productName = TrackerClient;
		};
/* End XCSwiftPackageProductDependency section */
	};
	rootObject = 000000000000000000000001 /* Project object */;
}
